
Microsoft Visual Studio Solution File, Format Version 12.00
# Visual Studio Version 17
VisualStudioVersion = 17.10.35013.160
MinimumVisualStudioVersion = 10.0.40219.1
Project("{FAE04EC0-301F-11D3-BF4B-00C04F79EFBC}") = "Factorials", "Factorials.csproj", "{EB456F1F-1497-43EA-A84F-D46660E57686}"
EndProject
Global
	GlobalSection(SolutionConfigurationPlatforms) = preSolution
		Debug|Any CPU = Debug|Any CPU
		Release|Any CPU = Release|Any CPU
	EndGlobalSection
	GlobalSection(ProjectConfigurationPlatforms) = postSolution
		{EB456F1F-1497-43EA-A84F-D46660E57686}.Debug|Any CPU.ActiveCfg = Debug|Any CPU
		{EB456F1F-1497-43EA-A84F-D46660E57686}.Debug|Any CPU.Build.0 = Debug|Any CPU
		{EB456F1F-1497-43EA-A84F-D46660E57686}.Release|Any CPU.ActiveCfg = Release|Any CPU
		{EB456F1F-1497-43EA-A84F-D46660E57686}.Release|Any CPU.Build.0 = Release|Any CPU
	EndGlobalSection
	GlobalSection(SolutionProperties) = preSolution
		HideSolutionNode = FALSE
	EndGlobalSection
	GlobalSection(ExtensibilityGlobals) = postSolution
		SolutionGuid = {C2D4754C-9873-4892-8447-4704A0C8BBFC}
	EndGlobalSection
EndGlobal
